
Microsoft Visual Studio Solution File, Format Version 12.00
# Visual Studio 14
VisualStudioVersion = 14.0.23107.0
MinimumVisualStudioVersion = 10.0.40219.1
Project("{E24C65DC-7377-472B-9ABA-BC803B73C61A}") = "Site", ".", "{B3B4E615-66AA-4A59-8FD9-5F6C3EC26343}"
	ProjectSection(WebsiteProperties) = preProject
		TargetFrameworkMoniker = ".NETFramework,Version%3Dv4.7.2"
		Debug.AspNetCompiler.VirtualPath = "/localhost_2442"
		Debug.AspNetCompiler.PhysicalPath = "..\Site\"
		Debug.AspNetCompiler.TargetPath = "PrecompiledWeb\localhost_2442\"
		Debug.AspNetCompiler.Updateable = "true"
		Debug.AspNetCompiler.ForceOverwrite = "true"
		Debug.AspNetCompiler.FixedNames = "false"
		Debug.AspNetCompiler.Debug = "True"
		Release.AspNetCompiler.VirtualPath = "/localhost_2442"
		Release.AspNetCompiler.PhysicalPath = "..\Site\"
		Release.AspNetCompiler.TargetPath = "PrecompiledWeb\localhost_2442\"
		Release.AspNetCompiler.Updateable = "true"
		Release.AspNetCompiler.ForceOverwrite = "true"
		Release.AspNetCompiler.FixedNames = "false"
		Release.AspNetCompiler.Debug = "False"
		VWDPort = "2442"
		SlnRelativePath = "..\Site\"
	EndProjectSection
EndProject
Global
	GlobalSection(SolutionConfigurationPlatforms) = preSolution
		Debug|Any CPU = Debug|Any CPU
	EndGlobalSection
	GlobalSection(ProjectConfigurationPlatforms) = postSolution
		{B3B4E615-66AA-4A59-8FD9-5F6C3EC26343}.Debug|Any CPU.ActiveCfg = Debug|Any CPU
		{B3B4E615-66AA-4A59-8FD9-5F6C3EC26343}.Debug|Any CPU.Build.0 = Debug|Any CPU
	EndGlobalSection
	GlobalSection(SolutionProperties) = preSolution
		HideSolutionNode = FALSE
	EndGlobalSection
	GlobalSection(ExtensibilityGlobals) = postSolution
		SolutionGuid = {93B85620-2017-4D8D-900E-9835FD3DC689}
	EndGlobalSection
EndGlobal
